# generated by rye
# use `rye lock` or `rye sync` to update this lockfile
#
# last locked with the following flags:
#   pre: false
#   features: []
#   all-features: false
#   with-sources: false
#   generate-hashes: false
#   universal: false

alembic==1.14.0
annotated-types==0.7.0
    # via b2sdk
    # via pydantic
anyio==3.7.1
    # via fastapi
    # via starlette
b2sdk==2.6.0
beautifulsoup4==4.12.3
    # via spotdl
    # via syncedlyrics
certifi==2024.8.30
    # via requests
charset-normalizer==3.4.0
    # via requests
click==8.1.7
    # via uvicorn
colorama==0.4.6
    # via click
dacite==1.8.1
    # via soundcloud-v2
deprecated==1.2.14
    # via opentelemetry-api
    # via opentelemetry-exporter-otlp-proto-http
    # via opentelemetry-semantic-conventions
    # via pykakasi
executing==2.1.0
    # via logfire
fastapi==0.103.2
    # via spotdl
googleapis-common-protos==1.66.0
    # via opentelemetry-exporter-otlp-proto-http
greenlet==3.1.1
    # via sqlalchemy
grpcio==1.67.1
    # via grpcio-tools
grpcio-tools==1.67.1
h11==0.14.0
    # via uvicorn
idna==3.10
    # via anyio
    # via requests
importlib-metadata==8.5.0
    # via opentelemetry-api
jaconv==0.4.0
    # via pykakasi
kafka-python @ git+https://github.com/dpkp/kafka-python@a6d0579d3cadd3826dd364b01bc12a2173139abc
logfire==2.3.0
logfury==1.0.1
    # via b2sdk
mako==1.3.6
    # via alembic
markdown-it-py==3.0.0
    # via rich
markupsafe==3.0.2
    # via mako
mdurl==0.1.2
    # via markdown-it-py
mutagen==1.47.0
    # via spotdl
opentelemetry-api==1.28.1
    # via opentelemetry-exporter-otlp-proto-http
    # via opentelemetry-instrumentation
    # via opentelemetry-instrumentation-dbapi
    # via opentelemetry-instrumentation-kafka-python
    # via opentelemetry-instrumentation-psycopg
    # via opentelemetry-instrumentation-requests
    # via opentelemetry-instrumentation-sqlalchemy
    # via opentelemetry-sdk
    # via opentelemetry-semantic-conventions
opentelemetry-exporter-otlp-proto-common==1.28.1
    # via opentelemetry-exporter-otlp-proto-http
opentelemetry-exporter-otlp-proto-http==1.28.1
    # via logfire
opentelemetry-instrumentation==0.49b1
    # via logfire
    # via opentelemetry-instrumentation-dbapi
    # via opentelemetry-instrumentation-kafka-python
    # via opentelemetry-instrumentation-psycopg
    # via opentelemetry-instrumentation-requests
    # via opentelemetry-instrumentation-sqlalchemy
opentelemetry-instrumentation-dbapi==0.49b1
    # via opentelemetry-instrumentation-psycopg
opentelemetry-instrumentation-kafka-python==0.49b1
opentelemetry-instrumentation-psycopg==0.49b1
    # via logfire
opentelemetry-instrumentation-requests==0.49b1
    # via logfire
opentelemetry-instrumentation-sqlalchemy==0.49b1
    # via logfire
opentelemetry-proto==1.28.1
    # via opentelemetry-exporter-otlp-proto-common
    # via opentelemetry-exporter-otlp-proto-http
opentelemetry-sdk==1.28.1
    # via logfire
    # via opentelemetry-exporter-otlp-proto-http
opentelemetry-semantic-conventions==0.49b1
    # via opentelemetry-instrumentation
    # via opentelemetry-instrumentation-dbapi
    # via opentelemetry-instrumentation-kafka-python
    # via opentelemetry-instrumentation-requests
    # via opentelemetry-instrumentation-sqlalchemy
    # via opentelemetry-sdk
opentelemetry-util-http==0.49b1
    # via opentelemetry-instrumentation-requests
packaging==24.2
    # via logfire
    # via opentelemetry-instrumentation
    # via opentelemetry-instrumentation-sqlalchemy
platformdirs==4.3.6
    # via spotdl
protobuf==5.28.3
    # via googleapis-common-protos
    # via grpcio-tools
    # via logfire
    # via opentelemetry-proto
psycopg==3.2.3
    # via sqlalchemy
psycopg-binary==3.2.3
    # via psycopg
pydantic==2.9.2
    # via fastapi
    # via pydantic-settings
    # via spotdl
pydantic-core==2.23.4
    # via pydantic
pydantic-settings==2.6.1
pygments==2.18.0
    # via rich
pykakasi==2.3.0
    # via spotdl
python-dateutil==2.9.0.post0
    # via soundcloud-v2
python-dotenv==1.0.1
    # via pydantic-settings
python-slugify==8.0.4
    # via spotdl
pytube==15.0.0
    # via spotdl
rapidfuzz==3.10.1
    # via spotdl
    # via syncedlyrics
redis==5.2.0
    # via spotipy
requests==2.32.3
    # via b2sdk
    # via opentelemetry-exporter-otlp-proto-http
    # via soundcloud-v2
    # via spotdl
    # via spotipy
    # via syncedlyrics
    # via ytmusicapi
rich==13.9.4
    # via logfire
    # via spotdl
setuptools==75.5.0
    # via grpcio-tools
six==1.16.0
    # via python-dateutil
sniffio==1.3.1
    # via anyio
soundcloud-v2==1.6.0
    # via spotdl
soupsieve==2.6
    # via beautifulsoup4
spotdl==4.2.10
spotipy==2.24.0
    # via spotdl
sqlalchemy==2.0.36
    # via alembic
starlette==0.27.0
    # via fastapi
syncedlyrics==1.0.1
    # via spotdl
text-unidecode==1.3
    # via python-slugify
typing-extensions==4.12.2
    # via alembic
    # via fastapi
    # via logfire
    # via opentelemetry-sdk
    # via psycopg
    # via pydantic
    # via pydantic-core
    # via sqlalchemy
tzdata==2024.2
    # via psycopg
unidecode==1.3.8
    # via python-slugify
urllib3==2.2.3
    # via requests
    # via spotipy
uuid7==0.1.0
uvicorn==0.23.2
    # via spotdl
websockets==14.1
    # via spotdl
wrapt==1.16.0
    # via deprecated
    # via opentelemetry-instrumentation
    # via opentelemetry-instrumentation-dbapi
    # via opentelemetry-instrumentation-sqlalchemy
yt-dlp==2024.12.13
    # via spotdl
ytmusicapi==1.8.2
    # via spotdl
zipp==3.21.0
    # via importlib-metadata
